{
  "name": "session-5",
  "version": "1.0.0",
  "lockfileVersion": 1,
  "requires": true,
  "dependencies": {
    "csv": {
      "version": "5.3.1",
      "resolved": "https://registry.npm.taobao.org/csv/download/csv-5.3.1.tgz",
      "integrity": "sha1-jOtUiBMYLT12oTiJh4xrBhBJJ7A=",
      "requires": {
        "csv-generate": "^3.2.4",
        "csv-parse": "^4.8.2",
        "csv-stringify": "^5.3.4",
        "stream-transform": "^2.0.1"
      }
    },
    "csv-generate": {
      "version": "3.2.4",
      "resolved": "https://registry.npm.taobao.org/csv-generate/download/csv-generate-3.2.4.tgz",
      "integrity": "sha1-RA2rkXcznuBnbJ5cFvUOKzRjwBk="
    },
    "csv-parse": {
      "version": "4.8.5",
      "resolved": "https://registry.npm.taobao.org/csv-parse/download/csv-parse-4.8.5.tgz",
      "integrity": "sha1-MukqDgrO2rFBvVxaOtb8Mxbyxy0="
    },
    "csv-stringify": {
      "version": "5.3.6",
      "resolved": "https://registry.npm.taobao.org/csv-stringify/download/csv-stringify-5.3.6.tgz",
      "integrity": "sha1-JlXi4cAbl7OWO8y8lAe4+4dtxYk="
    },
    "mixme": {
      "version": "0.3.5",
      "resolved": "https://registry.npm.taobao.org/mixme/download/mixme-0.3.5.tgz",
      "integrity": "sha1-MEZSza8ko98EhyBeYaxhYsaQbd0="
    },
    "stream-transform": {
      "version": "2.0.1",
      "resolved": "https://registry.npm.taobao.org/stream-transform/download/stream-transform-2.0.1.tgz",
      "integrity": "sha1-ES7ytNi5tRf5pplLC/e5RvpNUbw=",
      "requires": {
        "mixme": "^0.3.1"
      }
    }
  }
}
